
Microsoft Visual Studio Solution File, Format Version 12.00
# Visual Studio Version 17
VisualStudioVersion = 17.4.33213.308
MinimumVisualStudioVersion = 10.0.40219.1
Project("{FAE04EC0-301F-11D3-BF4B-00C04F79EFBC}") = "PhotoConverter", "PhotoConverter\PhotoConverter.csproj", "{B0AA0F3B-4040-456B-9CFD-14CD35DA1DE7}"
EndProject
Global
	GlobalSection(SolutionConfigurationPlatforms) = preSolution
		Debug|Any CPU = Debug|Any CPU
		Release|Any CPU = Release|Any CPU
	EndGlobalSection
	GlobalSection(ProjectConfigurationPlatforms) = postSolution
		{B0AA0F3B-4040-456B-9CFD-14CD35DA1DE7}.Debug|Any CPU.ActiveCfg = Debug|Any CPU
		{B0AA0F3B-4040-456B-9CFD-14CD35DA1DE7}.Debug|Any CPU.Build.0 = Debug|Any CPU
		{B0AA0F3B-4040-456B-9CFD-14CD35DA1DE7}.Release|Any CPU.ActiveCfg = Release|Any CPU
		{B0AA0F3B-4040-456B-9CFD-14CD35DA1DE7}.Release|Any CPU.Build.0 = Release|Any CPU
	EndGlobalSection
	GlobalSection(SolutionProperties) = preSolution
		HideSolutionNode = FALSE
	EndGlobalSection
	GlobalSection(ExtensibilityGlobals) = postSolution
		SolutionGuid = {53045210-63E9-4117-BE17-A30D98EEE190}
	EndGlobalSection
EndGlobal
